
Microsoft Visual Studio Solution File, Format Version 12.00
# Visual Studio Version 16
VisualStudioVersion = 16.0.32106.194
MinimumVisualStudioVersion = 10.0.40219.1
Project("{FAE04EC0-301F-11D3-BF4B-00C04F79EFBC}") = "MercadoSaoDomingos", "MercadoSaoDomingos\MercadoSaoDomingos.csproj", "{32E006F7-3F06-4196-81F7-E4E70905A33C}"
EndProject
Global
	GlobalSection(SolutionConfigurationPlatforms) = preSolution
		Debug|Any CPU = Debug|Any CPU
		Release|Any CPU = Release|Any CPU
	EndGlobalSection
	GlobalSection(ProjectConfigurationPlatforms) = postSolution
		{32E006F7-3F06-4196-81F7-E4E70905A33C}.Debug|Any CPU.ActiveCfg = Debug|Any CPU
		{32E006F7-3F06-4196-81F7-E4E70905A33C}.Debug|Any CPU.Build.0 = Debug|Any CPU
		{32E006F7-3F06-4196-81F7-E4E70905A33C}.Release|Any CPU.ActiveCfg = Release|Any CPU
		{32E006F7-3F06-4196-81F7-E4E70905A33C}.Release|Any CPU.Build.0 = Release|Any CPU
	EndGlobalSection
	GlobalSection(SolutionProperties) = preSolution
		HideSolutionNode = FALSE
	EndGlobalSection
	GlobalSection(ExtensibilityGlobals) = postSolution
		SolutionGuid = {8D4F1E9B-86BA-479C-A171-83F9FEFAC6F4}
	EndGlobalSection
EndGlobal
